
Microsoft Visual Studio Solution File, Format Version 12.00
# Visual Studio Version 17
VisualStudioVersion = 17.2.32616.157
MinimumVisualStudioVersion = 10.0.40219.1
Project("{FAE04EC0-301F-11D3-BF4B-00C04F79EFBC}") = "DotNet6_WebAPI_Demo", "DotNet6_WebAPI_Demo\DotNet6_WebAPI_Demo.csproj", "{69478E34-11F6-4BEA-B24C-928A3C2C9E9A}"
EndProject
Global
	GlobalSection(SolutionConfigurationPlatforms) = preSolution
		Debug|Any CPU = Debug|Any CPU
		Release|Any CPU = Release|Any CPU
	EndGlobalSection
	GlobalSection(ProjectConfigurationPlatforms) = postSolution
		{69478E34-11F6-4BEA-B24C-928A3C2C9E9A}.Debug|Any CPU.ActiveCfg = Debug|Any CPU
		{69478E34-11F6-4BEA-B24C-928A3C2C9E9A}.Debug|Any CPU.Build.0 = Debug|Any CPU
		{69478E34-11F6-4BEA-B24C-928A3C2C9E9A}.Release|Any CPU.ActiveCfg = Release|Any CPU
		{69478E34-11F6-4BEA-B24C-928A3C2C9E9A}.Release|Any CPU.Build.0 = Release|Any CPU
	EndGlobalSection
	GlobalSection(SolutionProperties) = preSolution
		HideSolutionNode = FALSE
	EndGlobalSection
	GlobalSection(ExtensibilityGlobals) = postSolution
		SolutionGuid = {502E520D-D347-4B5D-91CA-E4B17EA37A75}
	EndGlobalSection
EndGlobal
